
Microsoft Visual Studio Solution File, Format Version 12.00
# Visual Studio 15
VisualStudioVersion = 15.0.27004.2010
MinimumVisualStudioVersion = 10.0.40219.1
Project("{FAE04EC0-301F-11D3-BF4B-00C04F79EFBC}") = "Example1", "Example1.csproj", "{9CDA172D-E860-4821-BB3D-9A3D66BCEA40}"
	ProjectSection(ProjectDependencies) = postProject
		{A0A11CC3-8B1E-4345-A5FA-01FC60E581D8} = {A0A11CC3-8B1E-4345-A5FA-01FC60E581D8}
	EndProjectSection
EndProject
Project("{FAE04EC0-301F-11D3-BF4B-00C04F79EFBC}") = "Entitas.Lite", "..\..\Entitas\Entitas.Lite.csproj", "{A0A11CC3-8B1E-4345-A5FA-01FC60E581D8}"
EndProject
Global
	GlobalSection(SolutionConfigurationPlatforms) = preSolution
		Debug|Any CPU = Debug|Any CPU
		Release|Any CPU = Release|Any CPU
	EndGlobalSection
	GlobalSection(ProjectConfigurationPlatforms) = postSolution
		{9CDA172D-E860-4821-BB3D-9A3D66BCEA40}.Debug|Any CPU.ActiveCfg = Debug|Any CPU
		{9CDA172D-E860-4821-BB3D-9A3D66BCEA40}.Debug|Any CPU.Build.0 = Debug|Any CPU
		{9CDA172D-E860-4821-BB3D-9A3D66BCEA40}.Release|Any CPU.ActiveCfg = Release|Any CPU
		{9CDA172D-E860-4821-BB3D-9A3D66BCEA40}.Release|Any CPU.Build.0 = Release|Any CPU
		{A0A11CC3-8B1E-4345-A5FA-01FC60E581D8}.Debug|Any CPU.ActiveCfg = Debug|Any CPU
		{A0A11CC3-8B1E-4345-A5FA-01FC60E581D8}.Debug|Any CPU.Build.0 = Debug|Any CPU
		{A0A11CC3-8B1E-4345-A5FA-01FC60E581D8}.Release|Any CPU.ActiveCfg = Release|Any CPU
		{A0A11CC3-8B1E-4345-A5FA-01FC60E581D8}.Release|Any CPU.Build.0 = Release|Any CPU
	EndGlobalSection
	GlobalSection(SolutionProperties) = preSolution
		HideSolutionNode = FALSE
	EndGlobalSection
	GlobalSection(ExtensibilityGlobals) = postSolution
		SolutionGuid = {C66C45EA-6E30-47B9-9581-9335668EC198}
	EndGlobalSection
EndGlobal
